// !$*UTF8*$!
{
	archiveVersion = 1;
	classes = {
	};
	objectVersion = 48;
	objects = {

/* Begin PBXBuildFile section */
		38851F1A226C7FDC0000DE06 /* AppDelegate.swift in Sources */ = {isa = PBXBuildFile; fileRef = 38851F19226C7FDC0000DE06 /* AppDelegate.swift */; };
		38851F1C226C7FDC0000DE06 /* ViewController.swift in Sources */ = {isa = PBXBuildFile; fileRef = 38851F1B226C7FDC0000DE06 /* ViewController.swift */; };
		38851F1E226C7FDC0000DE06 /* Assets.xcassets in Resources */ = {isa = PBXBuildFile; fileRef = 38851F1D226C7FDC0000DE06 /* Assets.xcassets */; };
		38851F21226C7FDD0000DE06 /* Main.storyboard in Resources */ = {isa = PBXBuildFile; fileRef = 38851F1F226C7FDD0000DE06 /* Main.storyboard */; };
/* End PBXBuildFile section */

/* Begin PBXFileReference section */
		38851F16226C7FDC0000DE06 /* MessageView.app */ = {isa = PBXFileReference; explicitFileType = wrapper.application; includeInIndex = 0; path = MessageView.app; sourceTree = BUILT_PRODUCTS_DIR; };
		38851F19226C7FDC0000DE06 /* AppDelegate.swift */ = {isa = PBXFileReference; lastKnownFileType = sourcecode.swift; path = AppDelegate.swift; sourceTree = "<group>"; };
		38851F1B226C7FDC0000DE06 /* ViewController.swift */ = {isa = PBXFileReference; lastKnownFileType = sourcecode.swift; path = ViewController.swift; sourceTree = "<group>"; };
		38851F1D226C7FDC0000DE06 /* Assets.xcassets */ = {isa = PBXFileReference; lastKnownFileType = folder.assetcatalog; path = Assets.xcassets; sourceTree = "<group>"; };
		38851F20226C7FDD0000DE06 /* Base */ = {isa = PBXFileReference; lastKnownFileType = file.storyboard; name = Base; path = Base.lproj/Main.storyboard; sourceTree = "<group>"; };
		38851F22226C7FDD0000DE06 /* Info.plist */ = {isa = PBXFileReference; lastKnownFileType = text.plist.xml; path = Info.plist; sourceTree = "<group>"; };
		38851F23226C7FDD0000DE06 /* MessageView.entitlements */ = {isa = PBXFileReference; lastKnownFileType = text.plist.entitlements; path = MessageView.entitlements; sourceTree = "<group>"; };
/* End PBXFileReference section */

/* Begin PBXFrameworksBuildPhase section */
		38851F13226C7FDC0000DE06 /* Frameworks */ = {
			isa = PBXFrameworksBuildPhase;
			buildActionMask = 2147483647;
			files = (
			);
			runOnlyForDeploymentPostprocessing = 0;
		};
/* End PBXFrameworksBuildPhase section */

/* Begin PBXGroup section */
		38851F0D226C7FDC0000DE06 = {
			isa = PBXGroup;
			children = (
				38851F18226C7FDC0000DE06 /* MessageView */,
				38851F17226C7FDC0000DE06 /* Products */,
			);
			sourceTree = "<group>";
		};
		38851F17226C7FDC0000DE06 /* Products */ = {
			isa = PBXGroup;
			children = (
				38851F16226C7FDC0000DE06 /* MessageView.app */,
			);
			name = Products;
			sourceTree = "<group>";
		};
		38851F18226C7FDC0000DE06 /* MessageView */ = {
			isa = PBXGroup;
			children = (
				38851F19226C7FDC0000DE06 /* AppDelegate.swift */,
				38851F1B226C7FDC0000DE06 /* ViewController.swift */,
				38851F1D226C7FDC0000DE06 /* Assets.xcassets */,
				38851F1F226C7FDD0000DE06 /* Main.storyboard */,
				38851F22226C7FDD0000DE06 /* Info.plist */,
				38851F23226C7FDD0000DE06 /* MessageView.entitlements */,
			);
			path = MessageView;
			sourceTree = "<group>";
		};
/* End PBXGroup section */

/* Begin PBXNativeTarget section */
		38851F15226C7FDC0000DE06 /* MessageView */ = {
			isa = PBXNativeTarget;
			buildConfigurationList = 38851F26226C7FDD0000DE06 /* Build configuration list for PBXNativeTarget "MessageView" */;
			buildPhases = (
				38851F12226C7FDC0000DE06 /* Sources */,
				38851F13226C7FDC0000DE06 /* Frameworks */,
				38851F14226C7FDC0000DE06 /* Resources */,
			);
			buildRules = (
			);
			dependencies = (
			);
			name = MessageView;
			productName = MessageView;
			productReference = 38851F16226C7FDC0000DE06 /* MessageView.app */;
			productType = "com.apple.product-type.application";
		};
/* End PBXNativeTarget section */

/* Begin PBXProject section */
		38851F0E226C7FDC0000DE06 /* Project object */ = {
			isa = PBXProject;
			attributes = {
				LastSwiftUpdateCheck = 0920;
				LastUpgradeCheck = 0920;
				ORGANIZATIONNAME = xenodium;
				TargetAttributes = {
					38851F15226C7FDC0000DE06 = {
						CreatedOnToolsVersion = 9.2;
						ProvisioningStyle = Automatic;
						SystemCapabilities = {
							com.apple.Sandbox = {
								enabled = 0;
							};
						};
					};
				};
			};
			buildConfigurationList = 38851F11226C7FDC0000DE06 /* Build configuration list for PBXProject "MessageView" */;
			compatibilityVersion = "Xcode 8.0";
			developmentRegion = en;
			hasScannedForEncodings = 0;
			knownRegions = (
				en,
				Base,
			);
			mainGroup = 38851F0D226C7FDC0000DE06;
			productRefGroup = 38851F17226C7FDC0000DE06 /* Products */;
			projectDirPath = "";
			projectRoot = "";
			targets = (
				38851F15226C7FDC0000DE06 /* MessageView */,
			);
		};
/* End PBXProject section */

/* Begin PBXResourcesBuildPhase section */
		38851F14226C7FDC0000DE06 /* Resources */ = {
			isa = PBXResourcesBuildPhase;
			buildActionMask = 2147483647;
			files = (
				38851F1E226C7FDC0000DE06 /* Assets.xcassets in Resources */,
				38851F21226C7FDD0000DE06 /* Main.storyboard in Resources */,
			);
			runOnlyForDeploymentPostprocessing = 0;
		};
/* End PBXResourcesBuildPhase section */

/* Begin PBXSourcesBuildPhase section */
		38851F12226C7FDC0000DE06 /* Sources */ = {
			isa = PBXSourcesBuildPhase;
			buildActionMask = 2147483647;
			files = (
				38851F1C226C7FDC0000DE06 /* ViewController.swift in Sources */,
				38851F1A226C7FDC0000DE06 /* AppDelegate.swift in Sources */,
			);
			runOnlyForDeploymentPostprocessing = 0;
		};
/* End PBXSourcesBuildPhase section */

/* Begin PBXVariantGroup section */
		38851F1F226C7FDD0000DE06 /* Main.storyboard */ = {
			isa = PBXVariantGroup;
			children = (
				38851F20226C7FDD0000DE06 /* Base */,
			);
			name = Main.storyboard;
			sourceTree = "<group>";
		};
/* End PBXVariantGroup section */

/* Begin XCBuildConfiguration section */
		38851F24226C7FDD0000DE06 /* Debug */ = {
			isa = XCBuildConfiguration;
			buildSettings = {
				ALWAYS_SEARCH_USER_PATHS = NO;
				CLANG_ANALYZER_NONNULL = YES;
				CLANG_ANALYZER_NUMBER_OBJECT_CONVERSION = YES_AGGRESSIVE;
				CLANG_CXX_LANGUAGE_STANDARD = "gnu++14";
				CLANG_CXX_LIBRARY = "libc++";
				CLANG_ENABLE_MODULES = YES;
				CLANG_ENABLE_OBJC_ARC = YES;
				CLANG_WARN_BLOCK_CAPTURE_AUTORELEASING = YES;
				CLANG_WARN_BOOL_CONVERSION = YES;
				CLANG_WARN_COMMA = YES;
				CLANG_WARN_CONSTANT_CONVERSION = YES;
				CLANG_WARN_DIRECT_OBJC_ISA_USAGE = YES_ERROR;
				CLANG_WARN_DOCUMENTATION_COMMENTS = YES;
				CLANG_WARN_EMPTY_BODY = YES;
				CLANG_WARN_ENUM_CONVERSION = YES;
				CLANG_WARN_INFINITE_RECURSION = YES;
				CLANG_WARN_INT_CONVERSION = YES;
				CLANG_WARN_NON_LITERAL_NULL_CONVERSION = YES;
				CLANG_WARN_OBJC_LITERAL_CONVERSION = YES;
				CLANG_WARN_OBJC_ROOT_CLASS = YES_ERROR;
				CLANG_WARN_RANGE_LOOP_ANALYSIS = YES;
				CLANG_WARN_STRICT_PROTOTYPES = YES;
				CLANG_WARN_SUSPICIOUS_MOVE = YES;
				CLANG_WARN_UNGUARDED_AVAILABILITY = YES_AGGRESSIVE;
				CLANG_WARN_UNREACHABLE_CODE = YES;
				CLANG_WARN__DUPLICATE_METHOD_MATCH = YES;
				CODE_SIGN_IDENTITY = "-";
				COPY_PHASE_STRIP = NO;
				DEBUG_INFORMATION_FORMAT = dwarf;
				ENABLE_STRICT_OBJC_MSGSEND = YES;
				ENABLE_TESTABILITY = YES;
				GCC_C_LANGUAGE_STANDARD = gnu11;
				GCC_DYNAMIC_NO_PIC = NO;
				GCC_NO_COMMON_BLOCKS = YES;
				GCC_OPTIMIZATION_LEVEL = 0;
				GCC_PREPROCESSOR_DEFINITIONS = (
					"DEBUG=1",
					"$(inherited)",
				);
				GCC_WARN_64_TO_32_BIT_CONVERSION = YES;
				GCC_WARN_ABOUT_RETURN_TYPE = YES_ERROR;
				GCC_WARN_UNDECLARED_SELECTOR = YES;
				GCC_WARN_UNINITIALIZED_AUTOS = YES_AGGRESSIVE;
				GCC_WARN_UNUSED_FUNCTION = YES;
				GCC_WARN_UNUSED_VARIABLE = YES;
				MACOSX_DEPLOYMENT_TARGET = 10.12;
				MTL_ENABLE_DEBUG_INFO = YES;
				ONLY_ACTIVE_ARCH = YES;
				SDKROOT = macosx;
				SWIFT_ACTIVE_COMPILATION_CONDITIONS = DEBUG;
				SWIFT_OPTIMIZATION_LEVEL = "-Onone";
			};
			name = Debug;
		};
		38851F25226C7FDD0000DE06 /* Release */ = {
			isa = XCBuildConfiguration;
			buildSettings = {
				ALWAYS_SEARCH_USER_PATHS = NO;
				CLANG_ANALYZER_NONNULL = YES;
				CLANG_ANALYZER_NUMBER_OBJECT_CONVERSION = YES_AGGRESSIVE;
				CLANG_CXX_LANGUAGE_STANDARD = "gnu++14";
				CLANG_CXX_LIBRARY = "libc++";
				CLANG_ENABLE_MODULES = YES;
				CLANG_ENABLE_OBJC_ARC = YES;
				CLANG_WARN_BLOCK_CAPTURE_AUTORELEASING = YES;
				CLANG_WARN_BOOL_CONVERSION = YES;
				CLANG_WARN_COMMA = YES;
				CLANG_WARN_CONSTANT_CONVERSION = YES;
				CLANG_WARN_DIRECT_OBJC_ISA_USAGE = YES_ERROR;
				CLANG_WARN_DOCUMENTATION_COMMENTS = YES;
				CLANG_WARN_EMPTY_BODY = YES;
				CLANG_WARN_ENUM_CONVERSION = YES;
				CLANG_WARN_INFINITE_RECURSION = YES;
				CLANG_WARN_INT_CONVERSION = YES;
				CLANG_WARN_NON_LITERAL_NULL_CONVERSION = YES;
				CLANG_WARN_OBJC_LITERAL_CONVERSION = YES;
				CLANG_WARN_OBJC_ROOT_CLASS = YES_ERROR;
				CLANG_WARN_RANGE_LOOP_ANALYSIS = YES;
				CLANG_WARN_STRICT_PROTOTYPES = YES;
				CLANG_WARN_SUSPICIOUS_MOVE = YES;
				CLANG_WARN_UNGUARDED_AVAILABILITY = YES_AGGRESSIVE;
				CLANG_WARN_UNREACHABLE_CODE = YES;
				CLANG_WARN__DUPLICATE_METHOD_MATCH = YES;
				CODE_SIGN_IDENTITY = "-";
				COPY_PHASE_STRIP = NO;
				DEBUG_INFORMATION_FORMAT = "dwarf-with-dsym";
				ENABLE_NS_ASSERTIONS = NO;
				ENABLE_STRICT_OBJC_MSGSEND = YES;
				GCC_C_LANGUAGE_STANDARD = gnu11;
				GCC_NO_COMMON_BLOCKS = YES;
				GCC_WARN_64_TO_32_BIT_CONVERSION = YES;
				GCC_WARN_ABOUT_RETURN_TYPE = YES_ERROR;
				GCC_WARN_UNDECLARED_SELECTOR = YES;
				GCC_WARN_UNINITIALIZED_AUTOS = YES_AGGRESSIVE;
				GCC_WARN_UNUSED_FUNCTION = YES;
				GCC_WARN_UNUSED_VARIABLE = YES;
				MACOSX_DEPLOYMENT_TARGET = 10.12;
				MTL_ENABLE_DEBUG_INFO = NO;
				SDKROOT = macosx;
				SWIFT_OPTIMIZATION_LEVEL = "-Owholemodule";
			};
			name = Release;
		};
		38851F27226C7FDD0000DE06 /* Debug */ = {
			isa = XCBuildConfiguration;
			buildSettings = {
				ASSETCATALOG_COMPILER_APPICON_NAME = AppIcon;
				CODE_SIGN_STYLE = Automatic;
				COMBINE_HIDPI_IMAGES = YES;
				INFOPLIST_FILE = MessageView/Info.plist;
				LD_RUNPATH_SEARCH_PATHS = "$(inherited) @executable_path/../Frameworks";
				PRODUCT_BUNDLE_IDENTIFIER = com.xenodium.MessageView.MessageView;
				PRODUCT_NAME = MessageView;
				SWIFT_VERSION = 4.0;
			};
			name = Debug;
		};
		38851F28226C7FDD0000DE06 /* Release */ = {
			isa = XCBuildConfiguration;
			buildSettings = {
				ASSETCATALOG_COMPILER_APPICON_NAME = AppIcon;
				CODE_SIGN_STYLE = Automatic;
				COMBINE_HIDPI_IMAGES = YES;
				INFOPLIST_FILE = MessageView/Info.plist;
				LD_RUNPATH_SEARCH_PATHS = "$(inherited) @executable_path/../Frameworks";
				PRODUCT_BUNDLE_IDENTIFIER = com.xenodium.MessageView.MessageView;
				PRODUCT_NAME = MessageView;
				SWIFT_VERSION = 4.0;
			};
			name = Release;
		};
/* End XCBuildConfiguration section */

/* Begin XCConfigurationList section */
		38851F11226C7FDC0000DE06 /* Build configuration list for PBXProject "MessageView" */ = {
			isa = XCConfigurationList;
			buildConfigurations = (
				38851F24226C7FDD0000DE06 /* Debug */,
				38851F25226C7FDD0000DE06 /* Release */,
			);
			defaultConfigurationIsVisible = 0;
			defaultConfigurationName = Release;
		};
		38851F26226C7FDD0000DE06 /* Build configuration list for PBXNativeTarget "MessageView" */ = {
			isa = XCConfigurationList;
			buildConfigurations = (
				38851F27226C7FDD0000DE06 /* Debug */,
				38851F28226C7FDD0000DE06 /* Release */,
			);
			defaultConfigurationIsVisible = 0;
			defaultConfigurationName = Release;
		};
/* End XCConfigurationList section */
	};
	rootObject = 38851F0E226C7FDC0000DE06 /* Project object */;
}
